<?xml version="1.0" encoding="utf-8"?>
<Project ToolsVersion="4.0" xmlns="http://schemas.microsoft.com/developer/msbuild/2003">
  <ItemGroup>
    <ClCompile Include="Main.cpp" />
    <ClCompile Include="ServiceBase.cpp" />
    <ClCompile Include="UCService.cpp" />
    <ClCompile Include="ServiceInstaller.cpp">
      <Filter>ServiceInstaller</Filter>
    </ClCompile>
    <ClCompile Include="UCMCPLoader.cpp">
      <Filter>ModuleLoaders</Filter>
    </ClCompile>
    <ClCompile Include="UCIDLoader.cpp">
      <Filter>ModuleLoaders</Filter>
    </ClCompile>
    <ClCompile Include="ServiceLogManager.cpp" />
  </ItemGroup>
  <ItemGroup>
    <ClInclude Include="ServiceBase.h" />
    <ClInclude Include="stdafx.h" />
    <ClInclude Include="targetver.h" />
    <ClInclude Include="UCService.h" />
    <ClInclude Include="ServiceInstaller.h">
      <Filter>ServiceInstaller</Filter>
    </ClInclude>
    <ClInclude Include="Main.h" />
    <ClInclude Include="UCMCPLoader.h">
      <Filter>ModuleLoaders</Filter>
    </ClInclude>
    <ClInclude Include="resource.h" />
    <ClInclude Include="Version.h" />
    <ClInclude Include="UCIDLoader.h">
      <Filter>ModuleLoaders</Filter>
    </ClInclude>
    <ClInclude Include="ServiceLogManager.h" />
  </ItemGroup>
  <ItemGroup>
    <Filter Include="ServiceInstaller">
      <UniqueIdentifier>{cefbc782-9215-4e4e-b096-6fe3ef762d42}</UniqueIdentifier>
    </Filter>
    <Filter Include="ModuleLoaders">
      <UniqueIdentifier>{aea6f3ac-7f4e-4024-9bbf-1592aa0adab4}</UniqueIdentifier>
    </Filter>
  </ItemGroup>
  <ItemGroup>
    <ResourceCompile Include="UCService.rc" />
  </ItemGroup>
</Project>