<?xml version="1.0" encoding="utf-8"?>
<Project ToolsVersion="4.0" xmlns="http://schemas.microsoft.com/developer/msbuild/2003">
  <ItemGroup>
    <Filter Include="Source Files">
      <UniqueIdentifier>{4FC737F1-C7A5-4376-A066-2A32D752A2FF}</UniqueIdentifier>
      <Extensions>cpp;c;cc;cxx;c++;cppm;ixx;def;odl;idl;hpj;bat;asm;asmx</Extensions>
    </Filter>
    <Filter Include="Header Files">
      <UniqueIdentifier>{93995380-89BD-4b04-88EB-625FBE52EBFB}</UniqueIdentifier>
      <Extensions>h;hh;hpp;hxx;h++;hm;inl;inc;ipp;xsd</Extensions>
    </Filter>
    <Filter Include="Resource Files">
      <UniqueIdentifier>{67DA6AB6-F800-4c08-8B7A-83BB121AAD01}</UniqueIdentifier>
      <Extensions>rc;ico;cur;bmp;dlg;rc2;rct;bin;rgs;gif;jpg;jpeg;jpe;resx;tiff;tif;png;wav;mfcribbon-ms</Extensions>
    </Filter>
  </ItemGroup>
  <ItemGroup>
    <ClInclude Include="MockCertsAdapter.h">
      <Filter>Header Files</Filter>
    </ClInclude>
    <ClInclude Include="MockCheckinManifestRetriever.h">
      <Filter>Header Files</Filter>
    </ClInclude>
    <ClInclude Include="MockComponentPackageProcessor.h">
      <Filter>Header Files</Filter>
    </ClInclude>
    <ClInclude Include="MockManifestProcessor.h">
      <Filter>Header Files</Filter>
    </ClInclude>
    <ClInclude Include="MockPackageConfigProcessor.h">
      <Filter>Header Files</Filter>
    </ClInclude>
    <ClInclude Include="MockPackageInventoryProvider.h">
      <Filter>Header Files</Filter>
    </ClInclude>
    <ClInclude Include="MockPmCloud.h">
      <Filter>Header Files</Filter>
    </ClInclude>
    <ClInclude Include="MockPmConfig.h">
      <Filter>Header Files</Filter>
    </ClInclude>
    <ClInclude Include="MockPmManifest.h">
      <Filter>Header Files</Filter>
    </ClInclude>
    <ClInclude Include="MockPmPlatformComponentManager.h">
      <Filter>Header Files</Filter>
    </ClInclude>
    <ClInclude Include="MockPmPlatformConfiguration.h">
      <Filter>Header Files</Filter>
    </ClInclude>
    <ClInclude Include="MockPmPlatformDependencies.h">
      <Filter>Header Files</Filter>
    </ClInclude>
    <ClInclude Include="MockUcidAdapter.h">
      <Filter>Header Files</Filter>
    </ClInclude>
  </ItemGroup>
  <ItemGroup>
    <ClCompile Include="MockCertsAdapter.cpp">
      <Filter>Source Files</Filter>
    </ClCompile>
    <ClCompile Include="MockCheckinManifestRetriever.cpp">
      <Filter>Source Files</Filter>
    </ClCompile>
    <ClCompile Include="MockComponentPackageProcessor.cpp">
      <Filter>Source Files</Filter>
    </ClCompile>
    <ClCompile Include="MockManifestProcessor.cpp">
      <Filter>Source Files</Filter>
    </ClCompile>
    <ClCompile Include="MockPackageConfigProcessor.cpp">
      <Filter>Source Files</Filter>
    </ClCompile>
    <ClCompile Include="MockPackageInventoryProvider.cpp">
      <Filter>Source Files</Filter>
    </ClCompile>
    <ClCompile Include="MockPmCloud.cpp">
      <Filter>Source Files</Filter>
    </ClCompile>
    <ClCompile Include="MockPmConfig.cpp">
      <Filter>Source Files</Filter>
    </ClCompile>
    <ClCompile Include="MockPmManifest.cpp">
      <Filter>Source Files</Filter>
    </ClCompile>
    <ClCompile Include="MockPmPlatformComponentManager.cpp">
      <Filter>Source Files</Filter>
    </ClCompile>
    <ClCompile Include="MockPmPlatformConfiguration.cpp">
      <Filter>Source Files</Filter>
    </ClCompile>
    <ClCompile Include="MockPmPlatformDependencies.cpp">
      <Filter>Source Files</Filter>
    </ClCompile>
    <ClCompile Include="MockUcidAdapter.cpp">
      <Filter>Source Files</Filter>
    </ClCompile>
  </ItemGroup>
</Project>