
Microsoft Visual Studio Solution File, Format Version 12.00
# Visual Studio Version 16
VisualStudioVersion = 16.0.30523.141
MinimumVisualStudioVersion = 10.0.40219.1
Project("{2150E333-8FDC-42A3-9474-1A3956D46DE8}") = "Install", "Install", "{8D41A511-A1F1-4475-A898-B343F79FF2BA}"
EndProject
Project("{930C7802-8A8C-48F9-8165-68863BCCD9DD}") = "Installer", "Install\Installer\Installer.wixproj", "{79012334-B136-43C8-8236-ACD158E03D2A}"
EndProject
Project("{930C7802-8A8C-48F9-8165-68863BCCD9DD}") = "Bootstrapper", "Install\Bootstrapper\Bootstrapper.wixproj", "{068683A5-CECC-45F9-94D7-60CF1E0C941B}"
EndProject
Project("{2150E333-8FDC-42A3-9474-1A3956D46DE8}") = "PackageManager", "PackageManager", "{3C1DE0C7-BBF0-410E-96E5-783D5A9D446E}"
EndProject
Project("{2150E333-8FDC-42A3-9474-1A3956D46DE8}") = "Tests", "Tests", "{443D3CE9-D446-4D25-A448-AB318FB397F9}"
EndProject
Project("{2150E333-8FDC-42A3-9474-1A3956D46DE8}") = "Solution Items", "Solution Items", "{C8505725-0B3E-4425-9EB7-55785D1CCC9D}"
	ProjectSection(SolutionItems) = preProject
		GlobalVersion.h = GlobalVersion.h
		JenkinsFile = JenkinsFile
		README.md = README.md
	EndProjectSection
EndProject
Project("{2150E333-8FDC-42A3-9474-1A3956D46DE8}") = "Utilities", "Utilities", "{1A73622D-F811-4A98-A1BA-ED0435F1656A}"
EndProject
Project("{2150E333-8FDC-42A3-9474-1A3956D46DE8}") = "UnifiedConnector", "UnifiedConnector", "{D99E33CC-A481-41A0-A01C-C5F04722912D}"
EndProject
Project("{2150E333-8FDC-42A3-9474-1A3956D46DE8}") = "Tests", "Tests", "{EA581C03-8594-4E64-A5D7-7D8CA6E48E03}"
EndProject
Project("{8BC9CEB8-8B4A-11D0-8D11-00A0C91BC942}") = "libVerifier", "SharedLibs\LibVerifier\LibVerifier.vcxproj", "{780B5314-E3CA-4427-96E0-9262F8C7A2CE}"
EndProject
Project("{8BC9CEB8-8B4A-11D0-8D11-00A0C91BC942}") = "ComponentTestVerifier", "SharedLibs\ComponentTestVerifier\ComponentTestVerifier.vcxproj", "{2AA7A34A-8977-439A-B8F3-BDCAC604095C}"
EndProject
Project("{8BC9CEB8-8B4A-11D0-8D11-00A0C91BC942}") = "libWindowsUtilities", "SharedLibs\libWindowsUtilities\libWindowsUtilities.vcxproj", "{86BFA0BC-6791-44B9-85A8-D0C420F57EE6}"
EndProject
Project("{2150E333-8FDC-42A3-9474-1A3956D46DE8}") = "Mocks", "Mocks", "{E5A131B7-2B2B-4175-977F-55606B0C4412}"
EndProject
Project("{8BC9CEB8-8B4A-11D0-8D11-00A0C91BC942}") = "MockWindowsUtilities", "SharedLibs\MockWindowsUtilities\MockWindowsUtilities.vcxproj", "{9CB9BA83-2FBD-4904-A5ED-66DD0DC780B3}"
EndProject
Project("{8BC9CEB8-8B4A-11D0-8D11-00A0C91BC942}") = "MockVerifier", "SharedLibs\MockVerifier\MockVerifier.vcxproj", "{19428466-59E6-4A11-B6B2-ED1DC71BCB0C}"
EndProject
Project("{2150E333-8FDC-42A3-9474-1A3956D46DE8}") = "Config", "Config", "{CF7C8756-AC8F-429A-BF46-930AEEA45F0D}"
	ProjectSection(SolutionItems) = preProject
		Resources\config\bs.json = Resources\config\bs.json
		Resources\config\cm_config.json = Resources\config\cm_config.json
	EndProjectSection
EndProject
Project("{8BC9CEB8-8B4A-11D0-8D11-00A0C91BC942}") = "UCService", "UC\UCService\UCService.vcxproj", "{ED56F555-F214-4B00-805E-E6564E9C1BF2}"
EndProject
Project("{8BC9CEB8-8B4A-11D0-8D11-00A0C91BC942}") = "libLogger", "SharedLibs\libLogger\libLogger.vcxproj", "{822CCD07-F01C-4DD7-A587-0A241953FB62}"
EndProject
Project("{8BC9CEB8-8B4A-11D0-8D11-00A0C91BC942}") = "libUcConfig", "UC\libUcConfig\libUcConfig.vcxproj", "{1A45E256-8923-49BA-95DB-F778DDCEFA31}"
EndProject
Project("{2150E333-8FDC-42A3-9474-1A3956D46DE8}") = "Tests", "Tests", "{BC4968FB-5FCC-4BAB-9647-74B9FB741E81}"
EndProject
Project("{8BC9CEB8-8B4A-11D0-8D11-00A0C91BC942}") = "InstallerCustomActions", "Install\InstallerCustomActions\InstallerCustomActions.vcxproj", "{D72EB94C-BDC3-45BA-8F73-F4EB0C73B334}"
	ProjectSection(ProjectDependencies) = postProject
		{E51EBF08-1A26-4214-9CCB-6EB071D9058F} = {E51EBF08-1A26-4214-9CCB-6EB071D9058F}
	EndProjectSection
EndProject
Project("{8BC9CEB8-8B4A-11D0-8D11-00A0C91BC942}") = "libPmClient", "PackageManager\libPmClient\libPmClient.vcxproj", "{1F2019E6-7A09-434E-A790-B1E7D0A51F87}"
EndProject
Project("{8BC9CEB8-8B4A-11D0-8D11-00A0C91BC942}") = "libPmUtil", "PackageManager\libPmUtil\libPmUtil.vcxproj", "{3E610C4D-E8CC-4CFC-A64F-E46B25B554E5}"
EndProject
Project("{2150E333-8FDC-42A3-9474-1A3956D46DE8}") = "Mocks", "Mocks", "{FD94AA0B-B34F-47C9-890E-B7E16F6C0019}"
EndProject
Project("{8BC9CEB8-8B4A-11D0-8D11-00A0C91BC942}") = "TestPackageManagerClient", "PackageManager\Tests\TestPackageManagerClient\TestPackageManagerClient.vcxproj", "{91C2FCDC-DA15-4A02-AA78-F866B18D12A7}"
EndProject
Project("{8BC9CEB8-8B4A-11D0-8D11-00A0C91BC942}") = "TestPmUtil", "PackageManager\Tests\TestPmUtil\TestPmUtil.vcxproj", "{6897706C-D41E-41AA-9155-2DEF73B17D61}"
EndProject
Project("{8BC9CEB8-8B4A-11D0-8D11-00A0C91BC942}") = "ComponentTestPackageManagerClient", "PackageManager\Tests\ComponentTestPackageManagerClient\ComponentTestPackageManagerClient.vcxproj", "{24415187-0312-45FF-AA20-9C4B6420C915}"
EndProject
Project("{8BC9CEB8-8B4A-11D0-8D11-00A0C91BC942}") = "ComponentTestPmUtil", "PackageManager\Tests\ComponentTestPmUtil\ComponentTestPmUtil.vcxproj", "{DA4ACD4F-EE40-4E73-B6B5-9C0D5F861837}"
EndProject
Project("{8BC9CEB8-8B4A-11D0-8D11-00A0C91BC942}") = "ComponentTestWindowsUtilities", "SharedLibs\ComponentTestWindowsUtilities\ComponentTestWindowsUtilities.vcxproj", "{69D27034-366E-440F-B6CF-13D6075A5AA0}"
EndProject
Project("{8BC9CEB8-8B4A-11D0-8D11-00A0C91BC942}") = "libCrashHandlerClient", "SharedLibs\libCrashHandlerClient\libCrashHandlerClient.vcxproj", "{58783F4F-D8A3-4409-A4D0-618441C95C8E}"
EndProject
Project("{2150E333-8FDC-42A3-9474-1A3956D46DE8}") = "UCID", "UCID", "{9FDD3E77-311E-49C9-A625-4AFA62B07D4C}"
	ProjectSection(SolutionItems) = preProject
		UCID\README.md = UCID\README.md
	EndProjectSection
EndProject
Project("{8BC9CEB8-8B4A-11D0-8D11-00A0C91BC942}") = "UCID", "UCID\UCID.vcxproj", "{D25927EB-2F30-41BF-B338-8D06E1BD0A54}"
EndProject
Project("{8BC9CEB8-8B4A-11D0-8D11-00A0C91BC942}") = "libUcDiagTool", "UC\libUcDiagTool\libUcDiagTool.vcxproj", "{58EB5A11-9117-4D01-9F08-E611EF639289}"
EndProject
Project("{8BC9CEB8-8B4A-11D0-8D11-00A0C91BC942}") = "UCDiagTool", "UC\UCDiagTool\UCDiagTool.vcxproj", "{B9278C6D-EAE7-4526-916D-42189DABE0A0}"
EndProject
Project("{8BC9CEB8-8B4A-11D0-8D11-00A0C91BC942}") = "TestLibUCDiagTool", "UC\Tests\TestLibUCDiagTool\TestLibUCDiagTool.vcxproj", "{02D691B7-C77D-43F5-87B8-C548643FC5CC}"
EndProject
Project("{2150E333-8FDC-42A3-9474-1A3956D46DE8}") = "Mocks", "Mocks", "{BAA800DD-9C49-4129-8249-4EC064686854}"
EndProject
Project("{8BC9CEB8-8B4A-11D0-8D11-00A0C91BC942}") = "MockLibUCDiagTool", "UC\Mocks\MockLibUCDiagTool\MockLibUCDiagTool.vcxproj", "{35E8D274-5993-4AB9-9691-0DB233F4EEAB}"
EndProject
Project("{8BC9CEB8-8B4A-11D0-8D11-00A0C91BC942}") = "TestUcConfig", "UC\Tests\TestUcConfig\TestUcConfig.vcxproj", "{5EE37648-C251-49DF-A95B-9237929C1195}"
EndProject
Project("{8BC9CEB8-8B4A-11D0-8D11-00A0C91BC942}") = "libUcLoader", "UC\libUcLoader\libUcLoader.vcxproj", "{B5F2FCBE-E412-1736-410A-85A0F4E958FC}"
EndProject
Project("{8BC9CEB8-8B4A-11D0-8D11-00A0C91BC942}") = "libLoggerMT", "SharedLibs\libLoggerMT\libLoggerMT.vcxproj", "{FEF0ABAA-A2E4-4381-98E7-91348C16376D}"
EndProject
Project("{8BC9CEB8-8B4A-11D0-8D11-00A0C91BC942}") = "dllCaSupport", "Install\dllCaSupport\dllCaSupport.vcxproj", "{E51EBF08-1A26-4214-9CCB-6EB071D9058F}"
EndProject
Project("{2150E333-8FDC-42A3-9474-1A3956D46DE8}") = "Images", "Images", "{85A305D6-4179-4455-A42A-B554ECA65FE6}"
	ProjectSection(SolutionItems) = preProject
		Resources\images\small.ico = Resources\images\small.ico
		Resources\images\UC.ico = Resources\images\UC.ico
	EndProjectSection
EndProject
Project("{8BC9CEB8-8B4A-11D0-8D11-00A0C91BC942}") = "TestCloudEvents", "PackageManager\Tests\TestCloudEvents\TestCloudEvents.vcxproj", "{D429FA04-650E-48D2-AF30-094A2D1DF68F}"
EndProject
Project("{8BC9CEB8-8B4A-11D0-8D11-00A0C91BC942}") = "libPmCloud", "PackageManager\libPmCloud\libPmCloud.vcxproj", "{5004D35A-F8C0-4F1E-AE8E-5D7FE5CD89A9}"
EndProject
Project("{8BC9CEB8-8B4A-11D0-8D11-00A0C91BC942}") = "libPmConfig", "PackageManager\libPmConfig\libPmConfig.vcxproj", "{07BA6C54-CFB9-4863-AB72-C72F858996A4}"
EndProject
Project("{8BC9CEB8-8B4A-11D0-8D11-00A0C91BC942}") = "MockPmCloud", "PackageManager\Mocks\MockPmCloud\MockPmCloud.vcxproj", "{F40A9E15-7CF0-4AC0-9741-6A7E29CF4B96}"
EndProject
Project("{8BC9CEB8-8B4A-11D0-8D11-00A0C91BC942}") = "MockPmClient", "PackageManager\Mocks\MockPmClient\MockPmClient.vcxproj", "{55CD001D-26A5-4864-89C6-EBDAE64551A0}"
EndProject
Project("{8BC9CEB8-8B4A-11D0-8D11-00A0C91BC942}") = "MockPmUtil", "PackageManager\Mocks\MockPmUtil\MockPmUtil.vcxproj", "{EF53B849-5527-47C8-98B7-3B88DACC3F4E}"
EndProject
Project("{8BC9CEB8-8B4A-11D0-8D11-00A0C91BC942}") = "MockPmConfig", "PackageManager\Mocks\MockPmConfig\MockPmConfig.vcxproj", "{38E9210C-FEF3-4422-9EFE-55231A2CAEF4}"
EndProject
Project("{8BC9CEB8-8B4A-11D0-8D11-00A0C91BC942}") = "MockPmInterface", "PackageManager\Mocks\MockPmInterface\MockPmInterface.vcxproj", "{953A433D-2A26-438B-BE78-EEE4E48B170F}"
EndProject
Project("{8BC9CEB8-8B4A-11D0-8D11-00A0C91BC942}") = "TestPmConfig", "PackageManager\Tests\TestPmConfig\TestPmConfig.vcxproj", "{22578348-8BD0-45E9-BC3C-94C94205FE3B}"
EndProject
Project("{2150E333-8FDC-42A3-9474-1A3956D46DE8}") = "WindowsPackageManager", "WindowsPackageManager", "{2528730B-FD9D-466B-9455-533DC3915904}"
EndProject
Project("{2150E333-8FDC-42A3-9474-1A3956D46DE8}") = "Mocks", "Mocks", "{CF3AB075-744F-492E-85E6-9B34A1A25CC0}"
EndProject
Project("{2150E333-8FDC-42A3-9474-1A3956D46DE8}") = "Tests", "Tests", "{4891EE6D-E469-4193-9C04-86BE44890980}"
EndProject
Project("{8BC9CEB8-8B4A-11D0-8D11-00A0C91BC942}") = "libPmAgent", "WindowsPackageManager\libPmAgent\libPmAgent.vcxproj", "{410F4DF1-75B6-4AD2-88FA-51B2A68AA56D}"
EndProject
Project("{8BC9CEB8-8B4A-11D0-8D11-00A0C91BC942}") = "libControlModule", "WindowsPackageManager\libControlModule\libControlModule.vcxproj", "{1831924D-8C01-4AE6-A1AD-376D81A09E46}"
EndProject
Project("{8BC9CEB8-8B4A-11D0-8D11-00A0C91BC942}") = "dllControlModule", "WindowsPackageManager\dllControlModule\dllControlModule.vcxproj", "{94CE09D0-AC64-47C1-8368-3540D05DE930}"
EndProject
Project("{8BC9CEB8-8B4A-11D0-8D11-00A0C91BC942}") = "WinPackageManager", "WindowsPackageManager\WinPackageManager\WinPackageManager.vcxproj", "{A3C3BD52-EB63-4B8C-91DC-A38D849EE5A8}"
EndProject
Project("{8BC9CEB8-8B4A-11D0-8D11-00A0C91BC942}") = "WinPackageManagerVerifier", "WindowsPackageManager\WinPackageManagerVerifier\WinPackageManagerVerifier.vcxproj", "{454FEDBF-DF6D-4A2F-9CAF-74F86C8CC776}"
EndProject
Project("{8BC9CEB8-8B4A-11D0-8D11-00A0C91BC942}") = "MockPmAgent", "WindowsPackageManager\Mocks\MockPmAgent\MockPmAgent.vcxproj", "{7DC3D374-6825-4572-A0BD-196A19BEFB80}"
EndProject
Project("{8BC9CEB8-8B4A-11D0-8D11-00A0C91BC942}") = "TestPmAgent", "WindowsPackageManager\Tests\TestPmAgent\TestPmAgent.vcxproj", "{5405CA8D-FEA6-4F3B-902B-F67083F1E8D7}"
EndProject
Project("{8BC9CEB8-8B4A-11D0-8D11-00A0C91BC942}") = "ComponentTestControlModule", "WindowsPackageManager\Tests\ComponentTestControlModule\ComponentTestControlModule.vcxproj", "{E45A6EFE-211D-4E14-A7FD-A92C613A8879}"
EndProject
Project("{8BC9CEB8-8B4A-11D0-8D11-00A0C91BC942}") = "dllUiVersionPlugin", "UC\dllUiVersionPlugin\dllUiVersionPlugin.vcxproj", "{66257A32-8FBB-4D8F-A34F-F810CE2C4CF9}"
EndProject
Project("{8BC9CEB8-8B4A-11D0-8D11-00A0C91BC942}") = "libToast", "SharedLibs\libToast\libToast.vcxproj", "{CBA8D385-54FC-4BEC-8755-7EBDF314F7FF}"
EndProject
Project("{8BC9CEB8-8B4A-11D0-8D11-00A0C91BC942}") = "ProxyTestTool", "SharedLibs\ProxyTestTool\ProxyTestTool.vcxproj", "{77A02F8D-4FD6-478C-8E65-DCC3328D1430}"
EndProject
Project("{8BC9CEB8-8B4A-11D0-8D11-00A0C91BC942}") = "TestProxy", "SharedLibs\TestProxy\TestProxy.vcxproj", "{5E195FA1-8485-45A0-A014-02131EC53DF9}"
EndProject
Project("{8BC9CEB8-8B4A-11D0-8D11-00A0C91BC942}") = "MockProxy", "SharedLibs\MockProxy\MockProxy.vcxproj", "{873940B5-BF33-3648-4432-1873D4B7E65B}"
EndProject
Project("{8BC9CEB8-8B4A-11D0-8D11-00A0C91BC942}") = "libProxyMD", "SharedLibs\libProxy\libProxyMD.vcxproj", "{4459441C-588E-515A-BE05-717727F5F5BF}"
EndProject
Project("{8BC9CEB8-8B4A-11D0-8D11-00A0C91BC942}") = "libProxyMT", "SharedLibs\libProxy\libProxyMT.vcxproj", "{4DA94E4F-E8C5-CCE4-63B5-2CE76D75E633}"
EndProject
Project("{8BC9CEB8-8B4A-11D0-8D11-00A0C91BC942}") = "ComponentTestProxy", "SharedLibs\ComponentTestProxy\ComponentTestProxy.vcxproj", "{B834EB7B-8305-C9EB-049D-F47F88B1E6FD}"
EndProject
Project("{8BC9CEB8-8B4A-11D0-8D11-00A0C91BC942}") = "FakeUCB", "UCID\FakeUCB\FakeUCB.vcxproj", "{E88A4EF2-4168-42E8-8C25-8CB4C2857DC6}"
EndProject
Global
	GlobalSection(SolutionConfigurationPlatforms) = preSolution
		Debug|x64 = Debug|x64
		Debug|x86 = Debug|x86
		Release|x64 = Release|x64
		Release|x86 = Release|x86
	EndGlobalSection
	GlobalSection(ProjectConfigurationPlatforms) = postSolution
		{79012334-B136-43C8-8236-ACD158E03D2A}.Debug|x64.ActiveCfg = Debug|x64
		{79012334-B136-43C8-8236-ACD158E03D2A}.Debug|x64.Build.0 = Debug|x64
		{79012334-B136-43C8-8236-ACD158E03D2A}.Debug|x86.ActiveCfg = Debug|x86
		{79012334-B136-43C8-8236-ACD158E03D2A}.Debug|x86.Build.0 = Debug|x86
		{79012334-B136-43C8-8236-ACD158E03D2A}.Release|x64.ActiveCfg = Release|x64
		{79012334-B136-43C8-8236-ACD158E03D2A}.Release|x64.Build.0 = Release|x64
		{79012334-B136-43C8-8236-ACD158E03D2A}.Release|x86.ActiveCfg = Release|x86
		{79012334-B136-43C8-8236-ACD158E03D2A}.Release|x86.Build.0 = Release|x86
		{068683A5-CECC-45F9-94D7-60CF1E0C941B}.Debug|x64.ActiveCfg = Debug|x64
		{068683A5-CECC-45F9-94D7-60CF1E0C941B}.Debug|x86.ActiveCfg = Debug|x86
		{068683A5-CECC-45F9-94D7-60CF1E0C941B}.Release|x64.ActiveCfg = Release|x64
		{068683A5-CECC-45F9-94D7-60CF1E0C941B}.Release|x86.ActiveCfg = Release|x86
		{780B5314-E3CA-4427-96E0-9262F8C7A2CE}.Debug|x64.ActiveCfg = Debug|x64
		{780B5314-E3CA-4427-96E0-9262F8C7A2CE}.Debug|x64.Build.0 = Debug|x64
		{780B5314-E3CA-4427-96E0-9262F8C7A2CE}.Debug|x86.ActiveCfg = Debug|Win32
		{780B5314-E3CA-4427-96E0-9262F8C7A2CE}.Debug|x86.Build.0 = Debug|Win32
		{780B5314-E3CA-4427-96E0-9262F8C7A2CE}.Release|x64.ActiveCfg = Release|x64
		{780B5314-E3CA-4427-96E0-9262F8C7A2CE}.Release|x64.Build.0 = Release|x64
		{780B5314-E3CA-4427-96E0-9262F8C7A2CE}.Release|x86.ActiveCfg = Release|Win32
		{780B5314-E3CA-4427-96E0-9262F8C7A2CE}.Release|x86.Build.0 = Release|Win32
		{2AA7A34A-8977-439A-B8F3-BDCAC604095C}.Debug|x64.ActiveCfg = Debug|x64
		{2AA7A34A-8977-439A-B8F3-BDCAC604095C}.Debug|x64.Build.0 = Debug|x64
		{2AA7A34A-8977-439A-B8F3-BDCAC604095C}.Debug|x86.ActiveCfg = Debug|Win32
		{2AA7A34A-8977-439A-B8F3-BDCAC604095C}.Debug|x86.Build.0 = Debug|Win32
		{2AA7A34A-8977-439A-B8F3-BDCAC604095C}.Release|x64.ActiveCfg = Release|x64
		{2AA7A34A-8977-439A-B8F3-BDCAC604095C}.Release|x64.Build.0 = Release|x64
		{2AA7A34A-8977-439A-B8F3-BDCAC604095C}.Release|x86.ActiveCfg = Release|Win32
		{2AA7A34A-8977-439A-B8F3-BDCAC604095C}.Release|x86.Build.0 = Release|Win32
		{86BFA0BC-6791-44B9-85A8-D0C420F57EE6}.Debug|x64.ActiveCfg = Debug|x64
		{86BFA0BC-6791-44B9-85A8-D0C420F57EE6}.Debug|x64.Build.0 = Debug|x64
		{86BFA0BC-6791-44B9-85A8-D0C420F57EE6}.Debug|x86.ActiveCfg = Debug|Win32
		{86BFA0BC-6791-44B9-85A8-D0C420F57EE6}.Debug|x86.Build.0 = Debug|Win32
		{86BFA0BC-6791-44B9-85A8-D0C420F57EE6}.Release|x64.ActiveCfg = Release|x64
		{86BFA0BC-6791-44B9-85A8-D0C420F57EE6}.Release|x64.Build.0 = Release|x64
		{86BFA0BC-6791-44B9-85A8-D0C420F57EE6}.Release|x86.ActiveCfg = Release|Win32
		{86BFA0BC-6791-44B9-85A8-D0C420F57EE6}.Release|x86.Build.0 = Release|Win32
		{9CB9BA83-2FBD-4904-A5ED-66DD0DC780B3}.Debug|x64.ActiveCfg = Debug|x64
		{9CB9BA83-2FBD-4904-A5ED-66DD0DC780B3}.Debug|x64.Build.0 = Debug|x64
		{9CB9BA83-2FBD-4904-A5ED-66DD0DC780B3}.Debug|x86.ActiveCfg = Debug|Win32
		{9CB9BA83-2FBD-4904-A5ED-66DD0DC780B3}.Debug|x86.Build.0 = Debug|Win32
		{9CB9BA83-2FBD-4904-A5ED-66DD0DC780B3}.Release|x64.ActiveCfg = Release|x64
		{9CB9BA83-2FBD-4904-A5ED-66DD0DC780B3}.Release|x64.Build.0 = Release|x64
		{9CB9BA83-2FBD-4904-A5ED-66DD0DC780B3}.Release|x86.ActiveCfg = Release|Win32
		{9CB9BA83-2FBD-4904-A5ED-66DD0DC780B3}.Release|x86.Build.0 = Release|Win32
		{19428466-59E6-4A11-B6B2-ED1DC71BCB0C}.Debug|x64.ActiveCfg = Debug|x64
		{19428466-59E6-4A11-B6B2-ED1DC71BCB0C}.Debug|x64.Build.0 = Debug|x64
		{19428466-59E6-4A11-B6B2-ED1DC71BCB0C}.Debug|x86.ActiveCfg = Debug|Win32
		{19428466-59E6-4A11-B6B2-ED1DC71BCB0C}.Debug|x86.Build.0 = Debug|Win32
		{19428466-59E6-4A11-B6B2-ED1DC71BCB0C}.Release|x64.ActiveCfg = Release|x64
		{19428466-59E6-4A11-B6B2-ED1DC71BCB0C}.Release|x64.Build.0 = Release|x64
		{19428466-59E6-4A11-B6B2-ED1DC71BCB0C}.Release|x86.ActiveCfg = Release|Win32
		{19428466-59E6-4A11-B6B2-ED1DC71BCB0C}.Release|x86.Build.0 = Release|Win32
		{ED56F555-F214-4B00-805E-E6564E9C1BF2}.Debug|x64.ActiveCfg = Debug|x64
		{ED56F555-F214-4B00-805E-E6564E9C1BF2}.Debug|x64.Build.0 = Debug|x64
		{ED56F555-F214-4B00-805E-E6564E9C1BF2}.Debug|x86.ActiveCfg = Debug|Win32
		{ED56F555-F214-4B00-805E-E6564E9C1BF2}.Debug|x86.Build.0 = Debug|Win32
		{ED56F555-F214-4B00-805E-E6564E9C1BF2}.Release|x64.ActiveCfg = Release|x64
		{ED56F555-F214-4B00-805E-E6564E9C1BF2}.Release|x64.Build.0 = Release|x64
		{ED56F555-F214-4B00-805E-E6564E9C1BF2}.Release|x86.ActiveCfg = Release|Win32
		{ED56F555-F214-4B00-805E-E6564E9C1BF2}.Release|x86.Build.0 = Release|Win32
		{822CCD07-F01C-4DD7-A587-0A241953FB62}.Debug|x64.ActiveCfg = Debug|x64
		{822CCD07-F01C-4DD7-A587-0A241953FB62}.Debug|x64.Build.0 = Debug|x64
		{822CCD07-F01C-4DD7-A587-0A241953FB62}.Debug|x86.ActiveCfg = Debug|Win32
		{822CCD07-F01C-4DD7-A587-0A241953FB62}.Debug|x86.Build.0 = Debug|Win32
		{822CCD07-F01C-4DD7-A587-0A241953FB62}.Release|x64.ActiveCfg = Release|x64
		{822CCD07-F01C-4DD7-A587-0A241953FB62}.Release|x64.Build.0 = Release|x64
		{822CCD07-F01C-4DD7-A587-0A241953FB62}.Release|x86.ActiveCfg = Release|Win32
		{822CCD07-F01C-4DD7-A587-0A241953FB62}.Release|x86.Build.0 = Release|Win32
		{1A45E256-8923-49BA-95DB-F778DDCEFA31}.Debug|x64.ActiveCfg = Debug|x64
		{1A45E256-8923-49BA-95DB-F778DDCEFA31}.Debug|x64.Build.0 = Debug|x64
		{1A45E256-8923-49BA-95DB-F778DDCEFA31}.Debug|x86.ActiveCfg = Debug|Win32
		{1A45E256-8923-49BA-95DB-F778DDCEFA31}.Debug|x86.Build.0 = Debug|Win32
		{1A45E256-8923-49BA-95DB-F778DDCEFA31}.Release|x64.ActiveCfg = Release|x64
		{1A45E256-8923-49BA-95DB-F778DDCEFA31}.Release|x64.Build.0 = Release|x64
		{1A45E256-8923-49BA-95DB-F778DDCEFA31}.Release|x86.ActiveCfg = Release|Win32
		{1A45E256-8923-49BA-95DB-F778DDCEFA31}.Release|x86.Build.0 = Release|Win32
		{D72EB94C-BDC3-45BA-8F73-F4EB0C73B334}.Debug|x64.ActiveCfg = Debug|Win32
		{D72EB94C-BDC3-45BA-8F73-F4EB0C73B334}.Debug|x86.ActiveCfg = Debug|Win32
		{D72EB94C-BDC3-45BA-8F73-F4EB0C73B334}.Debug|x86.Build.0 = Debug|Win32
		{D72EB94C-BDC3-45BA-8F73-F4EB0C73B334}.Release|x64.ActiveCfg = Release|Win32
		{D72EB94C-BDC3-45BA-8F73-F4EB0C73B334}.Release|x86.ActiveCfg = Release|Win32
		{D72EB94C-BDC3-45BA-8F73-F4EB0C73B334}.Release|x86.Build.0 = Release|Win32
		{1F2019E6-7A09-434E-A790-B1E7D0A51F87}.Debug|x64.ActiveCfg = Debug|x64
		{1F2019E6-7A09-434E-A790-B1E7D0A51F87}.Debug|x64.Build.0 = Debug|x64
		{1F2019E6-7A09-434E-A790-B1E7D0A51F87}.Debug|x86.ActiveCfg = Debug|Win32
		{1F2019E6-7A09-434E-A790-B1E7D0A51F87}.Debug|x86.Build.0 = Debug|Win32
		{1F2019E6-7A09-434E-A790-B1E7D0A51F87}.Release|x64.ActiveCfg = Release|x64
		{1F2019E6-7A09-434E-A790-B1E7D0A51F87}.Release|x64.Build.0 = Release|x64
		{1F2019E6-7A09-434E-A790-B1E7D0A51F87}.Release|x86.ActiveCfg = Release|Win32
		{1F2019E6-7A09-434E-A790-B1E7D0A51F87}.Release|x86.Build.0 = Release|Win32
		{3E610C4D-E8CC-4CFC-A64F-E46B25B554E5}.Debug|x64.ActiveCfg = Debug|x64
		{3E610C4D-E8CC-4CFC-A64F-E46B25B554E5}.Debug|x64.Build.0 = Debug|x64
		{3E610C4D-E8CC-4CFC-A64F-E46B25B554E5}.Debug|x86.ActiveCfg = Debug|Win32
		{3E610C4D-E8CC-4CFC-A64F-E46B25B554E5}.Debug|x86.Build.0 = Debug|Win32
		{3E610C4D-E8CC-4CFC-A64F-E46B25B554E5}.Release|x64.ActiveCfg = Release|x64
		{3E610C4D-E8CC-4CFC-A64F-E46B25B554E5}.Release|x64.Build.0 = Release|x64
		{3E610C4D-E8CC-4CFC-A64F-E46B25B554E5}.Release|x86.ActiveCfg = Release|Win32
		{3E610C4D-E8CC-4CFC-A64F-E46B25B554E5}.Release|x86.Build.0 = Release|Win32
		{91C2FCDC-DA15-4A02-AA78-F866B18D12A7}.Debug|x64.ActiveCfg = Debug|x64
		{91C2FCDC-DA15-4A02-AA78-F866B18D12A7}.Debug|x64.Build.0 = Debug|x64
		{91C2FCDC-DA15-4A02-AA78-F866B18D12A7}.Debug|x86.ActiveCfg = Debug|Win32
		{91C2FCDC-DA15-4A02-AA78-F866B18D12A7}.Debug|x86.Build.0 = Debug|Win32
		{91C2FCDC-DA15-4A02-AA78-F866B18D12A7}.Release|x64.ActiveCfg = Release|x64
		{91C2FCDC-DA15-4A02-AA78-F866B18D12A7}.Release|x64.Build.0 = Release|x64
		{91C2FCDC-DA15-4A02-AA78-F866B18D12A7}.Release|x86.ActiveCfg = Release|Win32
		{91C2FCDC-DA15-4A02-AA78-F866B18D12A7}.Release|x86.Build.0 = Release|Win32
		{6897706C-D41E-41AA-9155-2DEF73B17D61}.Debug|x64.ActiveCfg = Debug|x64
		{6897706C-D41E-41AA-9155-2DEF73B17D61}.Debug|x64.Build.0 = Debug|x64
		{6897706C-D41E-41AA-9155-2DEF73B17D61}.Debug|x86.ActiveCfg = Debug|Win32
		{6897706C-D41E-41AA-9155-2DEF73B17D61}.Debug|x86.Build.0 = Debug|Win32
		{6897706C-D41E-41AA-9155-2DEF73B17D61}.Release|x64.ActiveCfg = Release|x64
		{6897706C-D41E-41AA-9155-2DEF73B17D61}.Release|x64.Build.0 = Release|x64
		{6897706C-D41E-41AA-9155-2DEF73B17D61}.Release|x86.ActiveCfg = Release|Win32
		{6897706C-D41E-41AA-9155-2DEF73B17D61}.Release|x86.Build.0 = Release|Win32
		{24415187-0312-45FF-AA20-9C4B6420C915}.Debug|x64.ActiveCfg = Debug|x64
		{24415187-0312-45FF-AA20-9C4B6420C915}.Debug|x64.Build.0 = Debug|x64
		{24415187-0312-45FF-AA20-9C4B6420C915}.Debug|x86.ActiveCfg = Debug|Win32
		{24415187-0312-45FF-AA20-9C4B6420C915}.Debug|x86.Build.0 = Debug|Win32
		{24415187-0312-45FF-AA20-9C4B6420C915}.Release|x64.ActiveCfg = Release|x64
		{24415187-0312-45FF-AA20-9C4B6420C915}.Release|x64.Build.0 = Release|x64
		{24415187-0312-45FF-AA20-9C4B6420C915}.Release|x86.ActiveCfg = Release|Win32
		{24415187-0312-45FF-AA20-9C4B6420C915}.Release|x86.Build.0 = Release|Win32
		{DA4ACD4F-EE40-4E73-B6B5-9C0D5F861837}.Debug|x64.ActiveCfg = Debug|x64
		{DA4ACD4F-EE40-4E73-B6B5-9C0D5F861837}.Debug|x64.Build.0 = Debug|x64
		{DA4ACD4F-EE40-4E73-B6B5-9C0D5F861837}.Debug|x86.ActiveCfg = Debug|Win32
		{DA4ACD4F-EE40-4E73-B6B5-9C0D5F861837}.Debug|x86.Build.0 = Debug|Win32
		{DA4ACD4F-EE40-4E73-B6B5-9C0D5F861837}.Release|x64.ActiveCfg = Release|x64
		{DA4ACD4F-EE40-4E73-B6B5-9C0D5F861837}.Release|x64.Build.0 = Release|x64
		{DA4ACD4F-EE40-4E73-B6B5-9C0D5F861837}.Release|x86.ActiveCfg = Release|Win32
		{DA4ACD4F-EE40-4E73-B6B5-9C0D5F861837}.Release|x86.Build.0 = Release|Win32
		{69D27034-366E-440F-B6CF-13D6075A5AA0}.Debug|x64.ActiveCfg = Debug|x64
		{69D27034-366E-440F-B6CF-13D6075A5AA0}.Debug|x64.Build.0 = Debug|x64
		{69D27034-366E-440F-B6CF-13D6075A5AA0}.Debug|x86.ActiveCfg = Debug|Win32
		{69D27034-366E-440F-B6CF-13D6075A5AA0}.Debug|x86.Build.0 = Debug|Win32
		{69D27034-366E-440F-B6CF-13D6075A5AA0}.Release|x64.ActiveCfg = Release|x64
		{69D27034-366E-440F-B6CF-13D6075A5AA0}.Release|x64.Build.0 = Release|x64
		{69D27034-366E-440F-B6CF-13D6075A5AA0}.Release|x86.ActiveCfg = Release|Win32
		{69D27034-366E-440F-B6CF-13D6075A5AA0}.Release|x86.Build.0 = Release|Win32
		{58783F4F-D8A3-4409-A4D0-618441C95C8E}.Debug|x64.ActiveCfg = Debug|x64
		{58783F4F-D8A3-4409-A4D0-618441C95C8E}.Debug|x64.Build.0 = Debug|x64
		{58783F4F-D8A3-4409-A4D0-618441C95C8E}.Debug|x86.ActiveCfg = Debug|Win32
		{58783F4F-D8A3-4409-A4D0-618441C95C8E}.Debug|x86.Build.0 = Debug|Win32
		{58783F4F-D8A3-4409-A4D0-618441C95C8E}.Release|x64.ActiveCfg = Release|x64
		{58783F4F-D8A3-4409-A4D0-618441C95C8E}.Release|x64.Build.0 = Release|x64
		{58783F4F-D8A3-4409-A4D0-618441C95C8E}.Release|x86.ActiveCfg = Release|Win32
		{58783F4F-D8A3-4409-A4D0-618441C95C8E}.Release|x86.Build.0 = Release|Win32
		{D25927EB-2F30-41BF-B338-8D06E1BD0A54}.Debug|x64.ActiveCfg = Debug|x64
		{D25927EB-2F30-41BF-B338-8D06E1BD0A54}.Debug|x64.Build.0 = Debug|x64
		{D25927EB-2F30-41BF-B338-8D06E1BD0A54}.Debug|x86.ActiveCfg = Debug|Win32
		{D25927EB-2F30-41BF-B338-8D06E1BD0A54}.Debug|x86.Build.0 = Debug|Win32
		{D25927EB-2F30-41BF-B338-8D06E1BD0A54}.Release|x64.ActiveCfg = Release|x64
		{D25927EB-2F30-41BF-B338-8D06E1BD0A54}.Release|x64.Build.0 = Release|x64
		{D25927EB-2F30-41BF-B338-8D06E1BD0A54}.Release|x86.ActiveCfg = Release|Win32
		{D25927EB-2F30-41BF-B338-8D06E1BD0A54}.Release|x86.Build.0 = Release|Win32
		{58EB5A11-9117-4D01-9F08-E611EF639289}.Debug|x64.ActiveCfg = Debug|x64
		{58EB5A11-9117-4D01-9F08-E611EF639289}.Debug|x64.Build.0 = Debug|x64
		{58EB5A11-9117-4D01-9F08-E611EF639289}.Debug|x86.ActiveCfg = Debug|Win32
		{58EB5A11-9117-4D01-9F08-E611EF639289}.Debug|x86.Build.0 = Debug|Win32
		{58EB5A11-9117-4D01-9F08-E611EF639289}.Release|x64.ActiveCfg = Release|x64
		{58EB5A11-9117-4D01-9F08-E611EF639289}.Release|x64.Build.0 = Release|x64
		{58EB5A11-9117-4D01-9F08-E611EF639289}.Release|x86.ActiveCfg = Release|Win32
		{58EB5A11-9117-4D01-9F08-E611EF639289}.Release|x86.Build.0 = Release|Win32
		{B9278C6D-EAE7-4526-916D-42189DABE0A0}.Debug|x64.ActiveCfg = Debug|x64
		{B9278C6D-EAE7-4526-916D-42189DABE0A0}.Debug|x64.Build.0 = Debug|x64
		{B9278C6D-EAE7-4526-916D-42189DABE0A0}.Debug|x86.ActiveCfg = Debug|Win32
		{B9278C6D-EAE7-4526-916D-42189DABE0A0}.Debug|x86.Build.0 = Debug|Win32
		{B9278C6D-EAE7-4526-916D-42189DABE0A0}.Release|x64.ActiveCfg = Release|x64
		{B9278C6D-EAE7-4526-916D-42189DABE0A0}.Release|x64.Build.0 = Release|x64
		{B9278C6D-EAE7-4526-916D-42189DABE0A0}.Release|x86.ActiveCfg = Release|Win32
		{B9278C6D-EAE7-4526-916D-42189DABE0A0}.Release|x86.Build.0 = Release|Win32
		{02D691B7-C77D-43F5-87B8-C548643FC5CC}.Debug|x64.ActiveCfg = Debug|x64
		{02D691B7-C77D-43F5-87B8-C548643FC5CC}.Debug|x64.Build.0 = Debug|x64
		{02D691B7-C77D-43F5-87B8-C548643FC5CC}.Debug|x86.ActiveCfg = Debug|Win32
		{02D691B7-C77D-43F5-87B8-C548643FC5CC}.Debug|x86.Build.0 = Debug|Win32
		{02D691B7-C77D-43F5-87B8-C548643FC5CC}.Release|x64.ActiveCfg = Release|x64
		{02D691B7-C77D-43F5-87B8-C548643FC5CC}.Release|x64.Build.0 = Release|x64
		{02D691B7-C77D-43F5-87B8-C548643FC5CC}.Release|x86.ActiveCfg = Release|Win32
		{02D691B7-C77D-43F5-87B8-C548643FC5CC}.Release|x86.Build.0 = Release|Win32
		{35E8D274-5993-4AB9-9691-0DB233F4EEAB}.Debug|x64.ActiveCfg = Debug|x64
		{35E8D274-5993-4AB9-9691-0DB233F4EEAB}.Debug|x64.Build.0 = Debug|x64
		{35E8D274-5993-4AB9-9691-0DB233F4EEAB}.Debug|x86.ActiveCfg = Debug|Win32
		{35E8D274-5993-4AB9-9691-0DB233F4EEAB}.Debug|x86.Build.0 = Debug|Win32
		{35E8D274-5993-4AB9-9691-0DB233F4EEAB}.Release|x64.ActiveCfg = Release|x64
		{35E8D274-5993-4AB9-9691-0DB233F4EEAB}.Release|x64.Build.0 = Release|x64
		{35E8D274-5993-4AB9-9691-0DB233F4EEAB}.Release|x86.ActiveCfg = Release|Win32
		{35E8D274-5993-4AB9-9691-0DB233F4EEAB}.Release|x86.Build.0 = Release|Win32
		{5EE37648-C251-49DF-A95B-9237929C1195}.Debug|x64.ActiveCfg = Debug|x64
		{5EE37648-C251-49DF-A95B-9237929C1195}.Debug|x64.Build.0 = Debug|x64
		{5EE37648-C251-49DF-A95B-9237929C1195}.Debug|x86.ActiveCfg = Debug|Win32
		{5EE37648-C251-49DF-A95B-9237929C1195}.Debug|x86.Build.0 = Debug|Win32
		{5EE37648-C251-49DF-A95B-9237929C1195}.Release|x64.ActiveCfg = Release|x64
		{5EE37648-C251-49DF-A95B-9237929C1195}.Release|x64.Build.0 = Release|x64
		{5EE37648-C251-49DF-A95B-9237929C1195}.Release|x86.ActiveCfg = Release|Win32
		{5EE37648-C251-49DF-A95B-9237929C1195}.Release|x86.Build.0 = Release|Win32
		{B5F2FCBE-E412-1736-410A-85A0F4E958FC}.Debug|x64.ActiveCfg = Debug|x64
		{B5F2FCBE-E412-1736-410A-85A0F4E958FC}.Debug|x64.Build.0 = Debug|x64
		{B5F2FCBE-E412-1736-410A-85A0F4E958FC}.Debug|x86.ActiveCfg = Debug|Win32
		{B5F2FCBE-E412-1736-410A-85A0F4E958FC}.Debug|x86.Build.0 = Debug|Win32
		{B5F2FCBE-E412-1736-410A-85A0F4E958FC}.Release|x64.ActiveCfg = Release|x64
		{B5F2FCBE-E412-1736-410A-85A0F4E958FC}.Release|x64.Build.0 = Release|x64
		{B5F2FCBE-E412-1736-410A-85A0F4E958FC}.Release|x86.ActiveCfg = Release|Win32
		{B5F2FCBE-E412-1736-410A-85A0F4E958FC}.Release|x86.Build.0 = Release|Win32
		{FEF0ABAA-A2E4-4381-98E7-91348C16376D}.Debug|x64.ActiveCfg = Debug|Win32
		{FEF0ABAA-A2E4-4381-98E7-91348C16376D}.Debug|x86.ActiveCfg = Debug|Win32
		{FEF0ABAA-A2E4-4381-98E7-91348C16376D}.Debug|x86.Build.0 = Debug|Win32
		{FEF0ABAA-A2E4-4381-98E7-91348C16376D}.Release|x64.ActiveCfg = Release|Win32
		{FEF0ABAA-A2E4-4381-98E7-91348C16376D}.Release|x86.ActiveCfg = Release|Win32
		{FEF0ABAA-A2E4-4381-98E7-91348C16376D}.Release|x86.Build.0 = Release|Win32
		{E51EBF08-1A26-4214-9CCB-6EB071D9058F}.Debug|x64.ActiveCfg = Debug|Win32
		{E51EBF08-1A26-4214-9CCB-6EB071D9058F}.Debug|x86.ActiveCfg = Debug|Win32
		{E51EBF08-1A26-4214-9CCB-6EB071D9058F}.Debug|x86.Build.0 = Debug|Win32
		{E51EBF08-1A26-4214-9CCB-6EB071D9058F}.Release|x64.ActiveCfg = Release|Win32
		{E51EBF08-1A26-4214-9CCB-6EB071D9058F}.Release|x86.ActiveCfg = Release|Win32
		{E51EBF08-1A26-4214-9CCB-6EB071D9058F}.Release|x86.Build.0 = Release|Win32
		{D429FA04-650E-48D2-AF30-094A2D1DF68F}.Debug|x64.ActiveCfg = Debug|x64
		{D429FA04-650E-48D2-AF30-094A2D1DF68F}.Debug|x64.Build.0 = Debug|x64
		{D429FA04-650E-48D2-AF30-094A2D1DF68F}.Debug|x86.ActiveCfg = Debug|Win32
		{D429FA04-650E-48D2-AF30-094A2D1DF68F}.Debug|x86.Build.0 = Debug|Win32
		{D429FA04-650E-48D2-AF30-094A2D1DF68F}.Release|x64.ActiveCfg = Release|x64
		{D429FA04-650E-48D2-AF30-094A2D1DF68F}.Release|x64.Build.0 = Release|x64
		{D429FA04-650E-48D2-AF30-094A2D1DF68F}.Release|x86.ActiveCfg = Release|Win32
		{D429FA04-650E-48D2-AF30-094A2D1DF68F}.Release|x86.Build.0 = Release|Win32
		{5004D35A-F8C0-4F1E-AE8E-5D7FE5CD89A9}.Debug|x64.ActiveCfg = Debug|x64
		{5004D35A-F8C0-4F1E-AE8E-5D7FE5CD89A9}.Debug|x64.Build.0 = Debug|x64
		{5004D35A-F8C0-4F1E-AE8E-5D7FE5CD89A9}.Debug|x86.ActiveCfg = Debug|Win32
		{5004D35A-F8C0-4F1E-AE8E-5D7FE5CD89A9}.Debug|x86.Build.0 = Debug|Win32
		{5004D35A-F8C0-4F1E-AE8E-5D7FE5CD89A9}.Release|x64.ActiveCfg = Release|x64
		{5004D35A-F8C0-4F1E-AE8E-5D7FE5CD89A9}.Release|x64.Build.0 = Release|x64
		{5004D35A-F8C0-4F1E-AE8E-5D7FE5CD89A9}.Release|x86.ActiveCfg = Release|Win32
		{5004D35A-F8C0-4F1E-AE8E-5D7FE5CD89A9}.Release|x86.Build.0 = Release|Win32
		{07BA6C54-CFB9-4863-AB72-C72F858996A4}.Debug|x64.ActiveCfg = Debug|x64
		{07BA6C54-CFB9-4863-AB72-C72F858996A4}.Debug|x64.Build.0 = Debug|x64
		{07BA6C54-CFB9-4863-AB72-C72F858996A4}.Debug|x86.ActiveCfg = Debug|Win32
		{07BA6C54-CFB9-4863-AB72-C72F858996A4}.Debug|x86.Build.0 = Debug|Win32
		{07BA6C54-CFB9-4863-AB72-C72F858996A4}.Release|x64.ActiveCfg = Release|x64
		{07BA6C54-CFB9-4863-AB72-C72F858996A4}.Release|x64.Build.0 = Release|x64
		{07BA6C54-CFB9-4863-AB72-C72F858996A4}.Release|x86.ActiveCfg = Release|Win32
		{07BA6C54-CFB9-4863-AB72-C72F858996A4}.Release|x86.Build.0 = Release|Win32
		{F40A9E15-7CF0-4AC0-9741-6A7E29CF4B96}.Debug|x64.ActiveCfg = Debug|x64
		{F40A9E15-7CF0-4AC0-9741-6A7E29CF4B96}.Debug|x64.Build.0 = Debug|x64
		{F40A9E15-7CF0-4AC0-9741-6A7E29CF4B96}.Debug|x86.ActiveCfg = Debug|Win32
		{F40A9E15-7CF0-4AC0-9741-6A7E29CF4B96}.Debug|x86.Build.0 = Debug|Win32
		{F40A9E15-7CF0-4AC0-9741-6A7E29CF4B96}.Release|x64.ActiveCfg = Release|x64
		{F40A9E15-7CF0-4AC0-9741-6A7E29CF4B96}.Release|x64.Build.0 = Release|x64
		{F40A9E15-7CF0-4AC0-9741-6A7E29CF4B96}.Release|x86.ActiveCfg = Release|Win32
		{F40A9E15-7CF0-4AC0-9741-6A7E29CF4B96}.Release|x86.Build.0 = Release|Win32
		{55CD001D-26A5-4864-89C6-EBDAE64551A0}.Debug|x64.ActiveCfg = Debug|x64
		{55CD001D-26A5-4864-89C6-EBDAE64551A0}.Debug|x64.Build.0 = Debug|x64
		{55CD001D-26A5-4864-89C6-EBDAE64551A0}.Debug|x86.ActiveCfg = Debug|Win32
		{55CD001D-26A5-4864-89C6-EBDAE64551A0}.Debug|x86.Build.0 = Debug|Win32
		{55CD001D-26A5-4864-89C6-EBDAE64551A0}.Release|x64.ActiveCfg = Release|x64
		{55CD001D-26A5-4864-89C6-EBDAE64551A0}.Release|x64.Build.0 = Release|x64
		{55CD001D-26A5-4864-89C6-EBDAE64551A0}.Release|x86.ActiveCfg = Release|Win32
		{55CD001D-26A5-4864-89C6-EBDAE64551A0}.Release|x86.Build.0 = Release|Win32
		{EF53B849-5527-47C8-98B7-3B88DACC3F4E}.Debug|x64.ActiveCfg = Debug|x64
		{EF53B849-5527-47C8-98B7-3B88DACC3F4E}.Debug|x64.Build.0 = Debug|x64
		{EF53B849-5527-47C8-98B7-3B88DACC3F4E}.Debug|x86.ActiveCfg = Debug|Win32
		{EF53B849-5527-47C8-98B7-3B88DACC3F4E}.Debug|x86.Build.0 = Debug|Win32
		{EF53B849-5527-47C8-98B7-3B88DACC3F4E}.Release|x64.ActiveCfg = Release|x64
		{EF53B849-5527-47C8-98B7-3B88DACC3F4E}.Release|x64.Build.0 = Release|x64
		{EF53B849-5527-47C8-98B7-3B88DACC3F4E}.Release|x86.ActiveCfg = Release|Win32
		{EF53B849-5527-47C8-98B7-3B88DACC3F4E}.Release|x86.Build.0 = Release|Win32
		{38E9210C-FEF3-4422-9EFE-55231A2CAEF4}.Debug|x64.ActiveCfg = Debug|x64
		{38E9210C-FEF3-4422-9EFE-55231A2CAEF4}.Debug|x64.Build.0 = Debug|x64
		{38E9210C-FEF3-4422-9EFE-55231A2CAEF4}.Debug|x86.ActiveCfg = Debug|Win32
		{38E9210C-FEF3-4422-9EFE-55231A2CAEF4}.Debug|x86.Build.0 = Debug|Win32
		{38E9210C-FEF3-4422-9EFE-55231A2CAEF4}.Release|x64.ActiveCfg = Release|x64
		{38E9210C-FEF3-4422-9EFE-55231A2CAEF4}.Release|x64.Build.0 = Release|x64
		{38E9210C-FEF3-4422-9EFE-55231A2CAEF4}.Release|x86.ActiveCfg = Release|Win32
		{38E9210C-FEF3-4422-9EFE-55231A2CAEF4}.Release|x86.Build.0 = Release|Win32
		{953A433D-2A26-438B-BE78-EEE4E48B170F}.Debug|x64.ActiveCfg = Debug|x64
		{953A433D-2A26-438B-BE78-EEE4E48B170F}.Debug|x64.Build.0 = Debug|x64
		{953A433D-2A26-438B-BE78-EEE4E48B170F}.Debug|x86.ActiveCfg = Debug|Win32
		{953A433D-2A26-438B-BE78-EEE4E48B170F}.Debug|x86.Build.0 = Debug|Win32
		{953A433D-2A26-438B-BE78-EEE4E48B170F}.Release|x64.ActiveCfg = Release|x64
		{953A433D-2A26-438B-BE78-EEE4E48B170F}.Release|x64.Build.0 = Release|x64
		{953A433D-2A26-438B-BE78-EEE4E48B170F}.Release|x86.ActiveCfg = Release|Win32
		{953A433D-2A26-438B-BE78-EEE4E48B170F}.Release|x86.Build.0 = Release|Win32
		{22578348-8BD0-45E9-BC3C-94C94205FE3B}.Debug|x64.ActiveCfg = Debug|x64
		{22578348-8BD0-45E9-BC3C-94C94205FE3B}.Debug|x64.Build.0 = Debug|x64
		{22578348-8BD0-45E9-BC3C-94C94205FE3B}.Debug|x86.ActiveCfg = Debug|Win32
		{22578348-8BD0-45E9-BC3C-94C94205FE3B}.Debug|x86.Build.0 = Debug|Win32
		{22578348-8BD0-45E9-BC3C-94C94205FE3B}.Release|x64.ActiveCfg = Release|x64
		{22578348-8BD0-45E9-BC3C-94C94205FE3B}.Release|x64.Build.0 = Release|x64
		{22578348-8BD0-45E9-BC3C-94C94205FE3B}.Release|x86.ActiveCfg = Release|Win32
		{22578348-8BD0-45E9-BC3C-94C94205FE3B}.Release|x86.Build.0 = Release|Win32
		{410F4DF1-75B6-4AD2-88FA-51B2A68AA56D}.Debug|x64.ActiveCfg = Debug|x64
		{410F4DF1-75B6-4AD2-88FA-51B2A68AA56D}.Debug|x64.Build.0 = Debug|x64
		{410F4DF1-75B6-4AD2-88FA-51B2A68AA56D}.Debug|x86.ActiveCfg = Debug|Win32
		{410F4DF1-75B6-4AD2-88FA-51B2A68AA56D}.Debug|x86.Build.0 = Debug|Win32
		{410F4DF1-75B6-4AD2-88FA-51B2A68AA56D}.Release|x64.ActiveCfg = Release|x64
		{410F4DF1-75B6-4AD2-88FA-51B2A68AA56D}.Release|x64.Build.0 = Release|x64
		{410F4DF1-75B6-4AD2-88FA-51B2A68AA56D}.Release|x86.ActiveCfg = Release|Win32
		{410F4DF1-75B6-4AD2-88FA-51B2A68AA56D}.Release|x86.Build.0 = Release|Win32
		{1831924D-8C01-4AE6-A1AD-376D81A09E46}.Debug|x64.ActiveCfg = Debug|x64
		{1831924D-8C01-4AE6-A1AD-376D81A09E46}.Debug|x64.Build.0 = Debug|x64
		{1831924D-8C01-4AE6-A1AD-376D81A09E46}.Debug|x86.ActiveCfg = Debug|Win32
		{1831924D-8C01-4AE6-A1AD-376D81A09E46}.Debug|x86.Build.0 = Debug|Win32
		{1831924D-8C01-4AE6-A1AD-376D81A09E46}.Release|x64.ActiveCfg = Release|x64
		{1831924D-8C01-4AE6-A1AD-376D81A09E46}.Release|x64.Build.0 = Release|x64
		{1831924D-8C01-4AE6-A1AD-376D81A09E46}.Release|x86.ActiveCfg = Release|Win32
		{1831924D-8C01-4AE6-A1AD-376D81A09E46}.Release|x86.Build.0 = Release|Win32
		{94CE09D0-AC64-47C1-8368-3540D05DE930}.Debug|x64.ActiveCfg = Debug|x64
		{94CE09D0-AC64-47C1-8368-3540D05DE930}.Debug|x64.Build.0 = Debug|x64
		{94CE09D0-AC64-47C1-8368-3540D05DE930}.Debug|x86.ActiveCfg = Debug|Win32
		{94CE09D0-AC64-47C1-8368-3540D05DE930}.Debug|x86.Build.0 = Debug|Win32
		{94CE09D0-AC64-47C1-8368-3540D05DE930}.Release|x64.ActiveCfg = Release|x64
		{94CE09D0-AC64-47C1-8368-3540D05DE930}.Release|x64.Build.0 = Release|x64
		{94CE09D0-AC64-47C1-8368-3540D05DE930}.Release|x86.ActiveCfg = Release|Win32
		{94CE09D0-AC64-47C1-8368-3540D05DE930}.Release|x86.Build.0 = Release|Win32
		{A3C3BD52-EB63-4B8C-91DC-A38D849EE5A8}.Debug|x64.ActiveCfg = Debug|x64
		{A3C3BD52-EB63-4B8C-91DC-A38D849EE5A8}.Debug|x64.Build.0 = Debug|x64
		{A3C3BD52-EB63-4B8C-91DC-A38D849EE5A8}.Debug|x86.ActiveCfg = Debug|Win32
		{A3C3BD52-EB63-4B8C-91DC-A38D849EE5A8}.Debug|x86.Build.0 = Debug|Win32
		{A3C3BD52-EB63-4B8C-91DC-A38D849EE5A8}.Release|x64.ActiveCfg = Release|x64
		{A3C3BD52-EB63-4B8C-91DC-A38D849EE5A8}.Release|x64.Build.0 = Release|x64
		{A3C3BD52-EB63-4B8C-91DC-A38D849EE5A8}.Release|x86.ActiveCfg = Release|Win32
		{A3C3BD52-EB63-4B8C-91DC-A38D849EE5A8}.Release|x86.Build.0 = Release|Win32
		{454FEDBF-DF6D-4A2F-9CAF-74F86C8CC776}.Debug|x64.ActiveCfg = Debug|x64
		{454FEDBF-DF6D-4A2F-9CAF-74F86C8CC776}.Debug|x64.Build.0 = Debug|x64
		{454FEDBF-DF6D-4A2F-9CAF-74F86C8CC776}.Debug|x86.ActiveCfg = Debug|Win32
		{454FEDBF-DF6D-4A2F-9CAF-74F86C8CC776}.Debug|x86.Build.0 = Debug|Win32
		{454FEDBF-DF6D-4A2F-9CAF-74F86C8CC776}.Release|x64.ActiveCfg = Release|x64
		{454FEDBF-DF6D-4A2F-9CAF-74F86C8CC776}.Release|x64.Build.0 = Release|x64
		{454FEDBF-DF6D-4A2F-9CAF-74F86C8CC776}.Release|x86.ActiveCfg = Release|Win32
		{454FEDBF-DF6D-4A2F-9CAF-74F86C8CC776}.Release|x86.Build.0 = Release|Win32
		{7DC3D374-6825-4572-A0BD-196A19BEFB80}.Debug|x64.ActiveCfg = Debug|x64
		{7DC3D374-6825-4572-A0BD-196A19BEFB80}.Debug|x64.Build.0 = Debug|x64
		{7DC3D374-6825-4572-A0BD-196A19BEFB80}.Debug|x86.ActiveCfg = Debug|Win32
		{7DC3D374-6825-4572-A0BD-196A19BEFB80}.Debug|x86.Build.0 = Debug|Win32
		{7DC3D374-6825-4572-A0BD-196A19BEFB80}.Release|x64.ActiveCfg = Release|x64
		{7DC3D374-6825-4572-A0BD-196A19BEFB80}.Release|x64.Build.0 = Release|x64
		{7DC3D374-6825-4572-A0BD-196A19BEFB80}.Release|x86.ActiveCfg = Release|Win32
		{7DC3D374-6825-4572-A0BD-196A19BEFB80}.Release|x86.Build.0 = Release|Win32
		{5405CA8D-FEA6-4F3B-902B-F67083F1E8D7}.Debug|x64.ActiveCfg = Debug|x64
		{5405CA8D-FEA6-4F3B-902B-F67083F1E8D7}.Debug|x64.Build.0 = Debug|x64
		{5405CA8D-FEA6-4F3B-902B-F67083F1E8D7}.Debug|x86.ActiveCfg = Debug|Win32
		{5405CA8D-FEA6-4F3B-902B-F67083F1E8D7}.Debug|x86.Build.0 = Debug|Win32
		{5405CA8D-FEA6-4F3B-902B-F67083F1E8D7}.Release|x64.ActiveCfg = Release|x64
		{5405CA8D-FEA6-4F3B-902B-F67083F1E8D7}.Release|x64.Build.0 = Release|x64
		{5405CA8D-FEA6-4F3B-902B-F67083F1E8D7}.Release|x86.ActiveCfg = Release|Win32
		{5405CA8D-FEA6-4F3B-902B-F67083F1E8D7}.Release|x86.Build.0 = Release|Win32
		{E45A6EFE-211D-4E14-A7FD-A92C613A8879}.Debug|x64.ActiveCfg = Debug|x64
		{E45A6EFE-211D-4E14-A7FD-A92C613A8879}.Debug|x64.Build.0 = Debug|x64
		{E45A6EFE-211D-4E14-A7FD-A92C613A8879}.Debug|x86.ActiveCfg = Debug|Win32
		{E45A6EFE-211D-4E14-A7FD-A92C613A8879}.Debug|x86.Build.0 = Debug|Win32
		{E45A6EFE-211D-4E14-A7FD-A92C613A8879}.Release|x64.ActiveCfg = Release|x64
		{E45A6EFE-211D-4E14-A7FD-A92C613A8879}.Release|x64.Build.0 = Release|x64
		{E45A6EFE-211D-4E14-A7FD-A92C613A8879}.Release|x86.ActiveCfg = Release|Win32
		{E45A6EFE-211D-4E14-A7FD-A92C613A8879}.Release|x86.Build.0 = Release|Win32
		{66257A32-8FBB-4D8F-A34F-F810CE2C4CF9}.Debug|x64.ActiveCfg = Debug|Win32
		{66257A32-8FBB-4D8F-A34F-F810CE2C4CF9}.Debug|x86.ActiveCfg = Debug|Win32
		{66257A32-8FBB-4D8F-A34F-F810CE2C4CF9}.Debug|x86.Build.0 = Debug|Win32
		{66257A32-8FBB-4D8F-A34F-F810CE2C4CF9}.Release|x64.ActiveCfg = Release|Win32
		{66257A32-8FBB-4D8F-A34F-F810CE2C4CF9}.Release|x86.ActiveCfg = Release|Win32
		{66257A32-8FBB-4D8F-A34F-F810CE2C4CF9}.Release|x86.Build.0 = Release|Win32
		{CBA8D385-54FC-4BEC-8755-7EBDF314F7FF}.Debug|x64.ActiveCfg = Debug|x64
		{CBA8D385-54FC-4BEC-8755-7EBDF314F7FF}.Debug|x64.Build.0 = Debug|x64
		{CBA8D385-54FC-4BEC-8755-7EBDF314F7FF}.Debug|x86.ActiveCfg = Debug|Win32
		{CBA8D385-54FC-4BEC-8755-7EBDF314F7FF}.Debug|x86.Build.0 = Debug|Win32
		{CBA8D385-54FC-4BEC-8755-7EBDF314F7FF}.Release|x64.ActiveCfg = Release|x64
		{CBA8D385-54FC-4BEC-8755-7EBDF314F7FF}.Release|x64.Build.0 = Release|x64
		{CBA8D385-54FC-4BEC-8755-7EBDF314F7FF}.Release|x86.ActiveCfg = Release|Win32
		{CBA8D385-54FC-4BEC-8755-7EBDF314F7FF}.Release|x86.Build.0 = Release|Win32
		{77A02F8D-4FD6-478C-8E65-DCC3328D1430}.Debug|x64.ActiveCfg = Debug|x64
		{77A02F8D-4FD6-478C-8E65-DCC3328D1430}.Debug|x64.Build.0 = Debug|x64
		{77A02F8D-4FD6-478C-8E65-DCC3328D1430}.Debug|x86.ActiveCfg = Debug|Win32
		{77A02F8D-4FD6-478C-8E65-DCC3328D1430}.Debug|x86.Build.0 = Debug|Win32
		{77A02F8D-4FD6-478C-8E65-DCC3328D1430}.Release|x64.ActiveCfg = Release|x64
		{77A02F8D-4FD6-478C-8E65-DCC3328D1430}.Release|x64.Build.0 = Release|x64
		{77A02F8D-4FD6-478C-8E65-DCC3328D1430}.Release|x86.ActiveCfg = Release|Win32
		{77A02F8D-4FD6-478C-8E65-DCC3328D1430}.Release|x86.Build.0 = Release|Win32
		{5E195FA1-8485-45A0-A014-02131EC53DF9}.Debug|x64.ActiveCfg = Debug|x64
		{5E195FA1-8485-45A0-A014-02131EC53DF9}.Debug|x64.Build.0 = Debug|x64
		{5E195FA1-8485-45A0-A014-02131EC53DF9}.Debug|x86.ActiveCfg = Debug|Win32
		{5E195FA1-8485-45A0-A014-02131EC53DF9}.Debug|x86.Build.0 = Debug|Win32
		{5E195FA1-8485-45A0-A014-02131EC53DF9}.Release|x64.ActiveCfg = Release|x64
		{5E195FA1-8485-45A0-A014-02131EC53DF9}.Release|x64.Build.0 = Release|x64
		{5E195FA1-8485-45A0-A014-02131EC53DF9}.Release|x86.ActiveCfg = Release|Win32
		{5E195FA1-8485-45A0-A014-02131EC53DF9}.Release|x86.Build.0 = Release|Win32
		{873940B5-BF33-3648-4432-1873D4B7E65B}.Debug|x64.ActiveCfg = Debug|x64
		{873940B5-BF33-3648-4432-1873D4B7E65B}.Debug|x64.Build.0 = Debug|x64
		{873940B5-BF33-3648-4432-1873D4B7E65B}.Debug|x86.ActiveCfg = Debug|Win32
		{873940B5-BF33-3648-4432-1873D4B7E65B}.Debug|x86.Build.0 = Debug|Win32
		{873940B5-BF33-3648-4432-1873D4B7E65B}.Release|x64.ActiveCfg = Release|x64
		{873940B5-BF33-3648-4432-1873D4B7E65B}.Release|x64.Build.0 = Release|x64
		{873940B5-BF33-3648-4432-1873D4B7E65B}.Release|x86.ActiveCfg = Release|Win32
		{873940B5-BF33-3648-4432-1873D4B7E65B}.Release|x86.Build.0 = Release|Win32
		{4459441C-588E-515A-BE05-717727F5F5BF}.Debug|x64.ActiveCfg = Debug|x64
		{4459441C-588E-515A-BE05-717727F5F5BF}.Debug|x64.Build.0 = Debug|x64
		{4459441C-588E-515A-BE05-717727F5F5BF}.Debug|x86.ActiveCfg = Debug|Win32
		{4459441C-588E-515A-BE05-717727F5F5BF}.Debug|x86.Build.0 = Debug|Win32
		{4459441C-588E-515A-BE05-717727F5F5BF}.Release|x64.ActiveCfg = Release|x64
		{4459441C-588E-515A-BE05-717727F5F5BF}.Release|x64.Build.0 = Release|x64
		{4459441C-588E-515A-BE05-717727F5F5BF}.Release|x86.ActiveCfg = Release|Win32
		{4459441C-588E-515A-BE05-717727F5F5BF}.Release|x86.Build.0 = Release|Win32
		{4DA94E4F-E8C5-CCE4-63B5-2CE76D75E633}.Debug|x64.ActiveCfg = Debug|x64
		{4DA94E4F-E8C5-CCE4-63B5-2CE76D75E633}.Debug|x64.Build.0 = Debug|x64
		{4DA94E4F-E8C5-CCE4-63B5-2CE76D75E633}.Debug|x86.ActiveCfg = Debug|Win32
		{4DA94E4F-E8C5-CCE4-63B5-2CE76D75E633}.Debug|x86.Build.0 = Debug|Win32
		{4DA94E4F-E8C5-CCE4-63B5-2CE76D75E633}.Release|x64.ActiveCfg = Release|x64
		{4DA94E4F-E8C5-CCE4-63B5-2CE76D75E633}.Release|x64.Build.0 = Release|x64
		{4DA94E4F-E8C5-CCE4-63B5-2CE76D75E633}.Release|x86.ActiveCfg = Release|Win32
		{4DA94E4F-E8C5-CCE4-63B5-2CE76D75E633}.Release|x86.Build.0 = Release|Win32
		{B834EB7B-8305-C9EB-049D-F47F88B1E6FD}.Debug|x64.ActiveCfg = Debug|x64
		{B834EB7B-8305-C9EB-049D-F47F88B1E6FD}.Debug|x64.Build.0 = Debug|x64
		{B834EB7B-8305-C9EB-049D-F47F88B1E6FD}.Debug|x86.ActiveCfg = Debug|Win32
		{B834EB7B-8305-C9EB-049D-F47F88B1E6FD}.Debug|x86.Build.0 = Debug|Win32
		{B834EB7B-8305-C9EB-049D-F47F88B1E6FD}.Release|x64.ActiveCfg = Release|x64
		{B834EB7B-8305-C9EB-049D-F47F88B1E6FD}.Release|x64.Build.0 = Release|x64
		{B834EB7B-8305-C9EB-049D-F47F88B1E6FD}.Release|x86.ActiveCfg = Release|Win32
		{B834EB7B-8305-C9EB-049D-F47F88B1E6FD}.Release|x86.Build.0 = Release|Win32
		{E88A4EF2-4168-42E8-8C25-8CB4C2857DC6}.Debug|x64.ActiveCfg = Debug|x64
		{E88A4EF2-4168-42E8-8C25-8CB4C2857DC6}.Debug|x64.Build.0 = Debug|x64
		{E88A4EF2-4168-42E8-8C25-8CB4C2857DC6}.Debug|x86.ActiveCfg = Debug|Win32
		{E88A4EF2-4168-42E8-8C25-8CB4C2857DC6}.Debug|x86.Build.0 = Debug|Win32
		{E88A4EF2-4168-42E8-8C25-8CB4C2857DC6}.Release|x64.ActiveCfg = Release|x64
		{E88A4EF2-4168-42E8-8C25-8CB4C2857DC6}.Release|x64.Build.0 = Release|x64
		{E88A4EF2-4168-42E8-8C25-8CB4C2857DC6}.Release|x86.ActiveCfg = Release|Win32
		{E88A4EF2-4168-42E8-8C25-8CB4C2857DC6}.Release|x86.Build.0 = Release|Win32
	EndGlobalSection
	GlobalSection(SolutionProperties) = preSolution
		HideSolutionNode = FALSE
	EndGlobalSection
	GlobalSection(NestedProjects) = preSolution
		{79012334-B136-43C8-8236-ACD158E03D2A} = {8D41A511-A1F1-4475-A898-B343F79FF2BA}
		{068683A5-CECC-45F9-94D7-60CF1E0C941B} = {8D41A511-A1F1-4475-A898-B343F79FF2BA}
		{443D3CE9-D446-4D25-A448-AB318FB397F9} = {3C1DE0C7-BBF0-410E-96E5-783D5A9D446E}
		{EA581C03-8594-4E64-A5D7-7D8CA6E48E03} = {1A73622D-F811-4A98-A1BA-ED0435F1656A}
		{780B5314-E3CA-4427-96E0-9262F8C7A2CE} = {1A73622D-F811-4A98-A1BA-ED0435F1656A}
		{2AA7A34A-8977-439A-B8F3-BDCAC604095C} = {EA581C03-8594-4E64-A5D7-7D8CA6E48E03}
		{86BFA0BC-6791-44B9-85A8-D0C420F57EE6} = {1A73622D-F811-4A98-A1BA-ED0435F1656A}
		{E5A131B7-2B2B-4175-977F-55606B0C4412} = {1A73622D-F811-4A98-A1BA-ED0435F1656A}
		{9CB9BA83-2FBD-4904-A5ED-66DD0DC780B3} = {E5A131B7-2B2B-4175-977F-55606B0C4412}
		{19428466-59E6-4A11-B6B2-ED1DC71BCB0C} = {E5A131B7-2B2B-4175-977F-55606B0C4412}
		{CF7C8756-AC8F-429A-BF46-930AEEA45F0D} = {C8505725-0B3E-4425-9EB7-55785D1CCC9D}
		{ED56F555-F214-4B00-805E-E6564E9C1BF2} = {D99E33CC-A481-41A0-A01C-C5F04722912D}
		{822CCD07-F01C-4DD7-A587-0A241953FB62} = {1A73622D-F811-4A98-A1BA-ED0435F1656A}
		{1A45E256-8923-49BA-95DB-F778DDCEFA31} = {D99E33CC-A481-41A0-A01C-C5F04722912D}
		{BC4968FB-5FCC-4BAB-9647-74B9FB741E81} = {D99E33CC-A481-41A0-A01C-C5F04722912D}
		{D72EB94C-BDC3-45BA-8F73-F4EB0C73B334} = {8D41A511-A1F1-4475-A898-B343F79FF2BA}
		{1F2019E6-7A09-434E-A790-B1E7D0A51F87} = {3C1DE0C7-BBF0-410E-96E5-783D5A9D446E}
		{3E610C4D-E8CC-4CFC-A64F-E46B25B554E5} = {3C1DE0C7-BBF0-410E-96E5-783D5A9D446E}
		{FD94AA0B-B34F-47C9-890E-B7E16F6C0019} = {3C1DE0C7-BBF0-410E-96E5-783D5A9D446E}
		{91C2FCDC-DA15-4A02-AA78-F866B18D12A7} = {443D3CE9-D446-4D25-A448-AB318FB397F9}
		{6897706C-D41E-41AA-9155-2DEF73B17D61} = {443D3CE9-D446-4D25-A448-AB318FB397F9}
		{24415187-0312-45FF-AA20-9C4B6420C915} = {443D3CE9-D446-4D25-A448-AB318FB397F9}
		{DA4ACD4F-EE40-4E73-B6B5-9C0D5F861837} = {443D3CE9-D446-4D25-A448-AB318FB397F9}
		{69D27034-366E-440F-B6CF-13D6075A5AA0} = {EA581C03-8594-4E64-A5D7-7D8CA6E48E03}
		{58783F4F-D8A3-4409-A4D0-618441C95C8E} = {1A73622D-F811-4A98-A1BA-ED0435F1656A}
		{D25927EB-2F30-41BF-B338-8D06E1BD0A54} = {9FDD3E77-311E-49C9-A625-4AFA62B07D4C}
		{58EB5A11-9117-4D01-9F08-E611EF639289} = {D99E33CC-A481-41A0-A01C-C5F04722912D}
		{B9278C6D-EAE7-4526-916D-42189DABE0A0} = {D99E33CC-A481-41A0-A01C-C5F04722912D}
		{02D691B7-C77D-43F5-87B8-C548643FC5CC} = {BC4968FB-5FCC-4BAB-9647-74B9FB741E81}
		{BAA800DD-9C49-4129-8249-4EC064686854} = {D99E33CC-A481-41A0-A01C-C5F04722912D}
		{35E8D274-5993-4AB9-9691-0DB233F4EEAB} = {BAA800DD-9C49-4129-8249-4EC064686854}
		{5EE37648-C251-49DF-A95B-9237929C1195} = {BC4968FB-5FCC-4BAB-9647-74B9FB741E81}
		{B5F2FCBE-E412-1736-410A-85A0F4E958FC} = {D99E33CC-A481-41A0-A01C-C5F04722912D}
		{FEF0ABAA-A2E4-4381-98E7-91348C16376D} = {1A73622D-F811-4A98-A1BA-ED0435F1656A}
		{E51EBF08-1A26-4214-9CCB-6EB071D9058F} = {8D41A511-A1F1-4475-A898-B343F79FF2BA}
		{85A305D6-4179-4455-A42A-B554ECA65FE6} = {C8505725-0B3E-4425-9EB7-55785D1CCC9D}
		{D429FA04-650E-48D2-AF30-094A2D1DF68F} = {443D3CE9-D446-4D25-A448-AB318FB397F9}
		{5004D35A-F8C0-4F1E-AE8E-5D7FE5CD89A9} = {3C1DE0C7-BBF0-410E-96E5-783D5A9D446E}
		{07BA6C54-CFB9-4863-AB72-C72F858996A4} = {3C1DE0C7-BBF0-410E-96E5-783D5A9D446E}
		{F40A9E15-7CF0-4AC0-9741-6A7E29CF4B96} = {FD94AA0B-B34F-47C9-890E-B7E16F6C0019}
		{55CD001D-26A5-4864-89C6-EBDAE64551A0} = {FD94AA0B-B34F-47C9-890E-B7E16F6C0019}
		{EF53B849-5527-47C8-98B7-3B88DACC3F4E} = {FD94AA0B-B34F-47C9-890E-B7E16F6C0019}
		{38E9210C-FEF3-4422-9EFE-55231A2CAEF4} = {FD94AA0B-B34F-47C9-890E-B7E16F6C0019}
		{953A433D-2A26-438B-BE78-EEE4E48B170F} = {FD94AA0B-B34F-47C9-890E-B7E16F6C0019}
		{22578348-8BD0-45E9-BC3C-94C94205FE3B} = {443D3CE9-D446-4D25-A448-AB318FB397F9}
		{CF3AB075-744F-492E-85E6-9B34A1A25CC0} = {2528730B-FD9D-466B-9455-533DC3915904}
		{4891EE6D-E469-4193-9C04-86BE44890980} = {2528730B-FD9D-466B-9455-533DC3915904}
		{410F4DF1-75B6-4AD2-88FA-51B2A68AA56D} = {2528730B-FD9D-466B-9455-533DC3915904}
		{1831924D-8C01-4AE6-A1AD-376D81A09E46} = {2528730B-FD9D-466B-9455-533DC3915904}
		{94CE09D0-AC64-47C1-8368-3540D05DE930} = {2528730B-FD9D-466B-9455-533DC3915904}
		{A3C3BD52-EB63-4B8C-91DC-A38D849EE5A8} = {2528730B-FD9D-466B-9455-533DC3915904}
		{454FEDBF-DF6D-4A2F-9CAF-74F86C8CC776} = {2528730B-FD9D-466B-9455-533DC3915904}
		{7DC3D374-6825-4572-A0BD-196A19BEFB80} = {CF3AB075-744F-492E-85E6-9B34A1A25CC0}
		{5405CA8D-FEA6-4F3B-902B-F67083F1E8D7} = {4891EE6D-E469-4193-9C04-86BE44890980}
		{E45A6EFE-211D-4E14-A7FD-A92C613A8879} = {4891EE6D-E469-4193-9C04-86BE44890980}
		{66257A32-8FBB-4D8F-A34F-F810CE2C4CF9} = {D99E33CC-A481-41A0-A01C-C5F04722912D}
		{CBA8D385-54FC-4BEC-8755-7EBDF314F7FF} = {1A73622D-F811-4A98-A1BA-ED0435F1656A}
		{77A02F8D-4FD6-478C-8E65-DCC3328D1430} = {EA581C03-8594-4E64-A5D7-7D8CA6E48E03}
		{5E195FA1-8485-45A0-A014-02131EC53DF9} = {EA581C03-8594-4E64-A5D7-7D8CA6E48E03}
		{873940B5-BF33-3648-4432-1873D4B7E65B} = {E5A131B7-2B2B-4175-977F-55606B0C4412}
		{4459441C-588E-515A-BE05-717727F5F5BF} = {1A73622D-F811-4A98-A1BA-ED0435F1656A}
		{4DA94E4F-E8C5-CCE4-63B5-2CE76D75E633} = {1A73622D-F811-4A98-A1BA-ED0435F1656A}
		{B834EB7B-8305-C9EB-049D-F47F88B1E6FD} = {EA581C03-8594-4E64-A5D7-7D8CA6E48E03}
		{E88A4EF2-4168-42E8-8C25-8CB4C2857DC6} = {9FDD3E77-311E-49C9-A625-4AFA62B07D4C}
	EndGlobalSection
	GlobalSection(ExtensibilityGlobals) = postSolution
		SolutionGuid = {D32372A1-589C-449A-990C-8B193E83BF8D}
	EndGlobalSection
EndGlobal
