<?xml version="1.0" encoding="utf-8"?>
<Project ToolsVersion="4.0" xmlns="http://schemas.microsoft.com/developer/msbuild/2003">
  <ItemGroup>
    <Filter Include="Source Files">
      <UniqueIdentifier>{4FC737F1-C7A5-4376-A066-2A32D752A2FF}</UniqueIdentifier>
      <Extensions>cpp;c;cc;cxx;c++;cppm;ixx;def;odl;idl;hpj;bat;asm;asmx</Extensions>
    </Filter>
    <Filter Include="Header Files">
      <UniqueIdentifier>{93995380-89BD-4b04-88EB-625FBE52EBFB}</UniqueIdentifier>
      <Extensions>h;hh;hpp;hxx;h++;hm;inl;inc;ipp;xsd</Extensions>
    </Filter>
    <Filter Include="Resource Files">
      <UniqueIdentifier>{67DA6AB6-F800-4c08-8B7A-83BB121AAD01}</UniqueIdentifier>
      <Extensions>rc;ico;cur;bmp;dlg;rc2;rct;bin;rgs;gif;jpg;jpeg;jpe;resx;tiff;tif;png;wav;mfcribbon-ms</Extensions>
    </Filter>
  </ItemGroup>
  <ItemGroup>
    <ClInclude Include="framework.h">
      <Filter>Header Files</Filter>
    </ClInclude>
    <ClInclude Include="pch.h">
      <Filter>Header Files</Filter>
    </ClInclude>
    <ClInclude Include="IDiagFileListBuilder.h">
      <Filter>Header Files</Filter>
    </ClInclude>
    <ClInclude Include="DiagFileListBuilder.h">
      <Filter>Header Files</Filter>
    </ClInclude>
    <ClInclude Include="IZlibWrapper.h">
      <Filter>Header Files</Filter>
    </ClInclude>
    <ClInclude Include="ZlibWrapper.h">
      <Filter>Header Files</Filter>
    </ClInclude>
    <ClInclude Include="IDiagPackager.h">
      <Filter>Header Files</Filter>
    </ClInclude>
    <ClInclude Include="DiagPackager.h">
      <Filter>Header Files</Filter>
    </ClInclude>
    <ClInclude Include="DiagTool.h">
      <Filter>Header Files</Filter>
    </ClInclude>
    <ClInclude Include="IDiagTool.h">
      <Filter>Header Files</Filter>
    </ClInclude>
    <ClInclude Include="DiagToolContainer.h">
      <Filter>Header Files</Filter>
    </ClInclude>
  </ItemGroup>
  <ItemGroup>
    <ClCompile Include="DiagFileListBuilder.cpp">
      <Filter>Source Files</Filter>
    </ClCompile>
    <ClCompile Include="pch.cpp">
      <Filter>Source Files</Filter>
    </ClCompile>
    <ClCompile Include="ZlibWrapper.cpp">
      <Filter>Source Files</Filter>
    </ClCompile>
    <ClCompile Include="DiagPackager.cpp">
      <Filter>Source Files</Filter>
    </ClCompile>
    <ClCompile Include="DiagTool.cpp">
      <Filter>Source Files</Filter>
    </ClCompile>
    <ClCompile Include="DiagToolContainer.cpp">
      <Filter>Source Files</Filter>
    </ClCompile>
  </ItemGroup>
</Project>