<?xml version="1.0" encoding="utf-8"?>
<Project ToolsVersion="4.0" xmlns="http://schemas.microsoft.com/developer/msbuild/2003">
  <ItemGroup>
    <Filter Include="Source Files">
      <UniqueIdentifier>{aaffbcfe-2cea-da6d-65b5-46c555f32ae2}</UniqueIdentifier>
      <Extensions>cpp;c;cc;cxx;def;odl;idl;hpj;bat;asm;asmx</Extensions>
    </Filter>
    <Filter Include="Header Files">
      <UniqueIdentifier>{5488d6fd-9552-ebb9-02b3-f459f93ea878}</UniqueIdentifier>
      <Extensions>h;hpp;hxx;hm;inl;inc;xsd</Extensions>
    </Filter>
    <Filter Include="Resource Files">
      <UniqueIdentifier>{80bdee8b-05b8-9056-4893-7abd1e083551}</UniqueIdentifier>
      <Extensions>rc;ico;cur;bmp;dlg;rc2;rct;bin;rgs;gif;jpg;jpeg;jpe;resx;tiff;tif;png;wav;mfcribbon-ms</Extensions>
    </Filter>
  </ItemGroup>
  <ItemGroup>
    <ClCompile Include="proxy.cpp">
      <Filter>Source Files</Filter>
    </ClCompile>
    <ClCompile Include="ProxyStringParser.cpp">
      <Filter>Source Files</Filter>
    </ClCompile>
    <ClCompile Include="ProxyInfoModel.cpp">
      <Filter>Source Files</Filter>
    </ClCompile>
    <ClCompile Include="ProxyDiscovery.cpp">
      <Filter>Source Files</Filter>
    </ClCompile>
    <ClCompile Include="ThreadedProxyDiscovery.cpp">
      <Filter>Source Files</Filter>
    </ClCompile>
    <ClCompile Include="ProxyContainer.cpp">
      <Filter>Source Files</Filter>
    </ClCompile>
    <ClCompile Include="WinHttpWrapper.cpp">
      <Filter>Source Files</Filter>
    </ClCompile>
  </ItemGroup>
  <ItemGroup>
    <ClInclude Include="proxy.h">
      <Filter>Header Files</Filter>
    </ClInclude>
    <ClInclude Include="IProxyDiscovery.h">
      <Filter>Header Files</Filter>
    </ClInclude>
    <ClInclude Include="IProxyConsumer.h">
      <Filter>Header Files</Filter>
    </ClInclude>
    <ClInclude Include="ProxyStringParser.h">
      <Filter>Header Files</Filter>
    </ClInclude>
    <ClInclude Include="ProxyInfoModel.h">
      <Filter>Header Files</Filter>
    </ClInclude>
    <ClInclude Include="ProxyDiscovery.h">
      <Filter>Header Files</Filter>
    </ClInclude>
    <ClInclude Include="IProxy.h">
      <Filter>Header Files</Filter>
    </ClInclude>
    <ClInclude Include="ThreadedProxyDiscovery.h">
      <Filter>Header Files</Filter>
    </ClInclude>
    <ClInclude Include="ProxyContainer.h">
      <Filter>Header Files</Filter>
    </ClInclude>
    <ClInclude Include="IWinHttpWrapper.h">
      <Filter>Header Files</Filter>
    </ClInclude>
    <ClInclude Include="WinHttpWrapper.h">
      <Filter>Header Files</Filter>
    </ClInclude>
    <ClInclude Include="stdafx.h">
      <Filter>Header Files</Filter>
    </ClInclude>
  </ItemGroup>
</Project>